
Microsoft Visual Studio Solution File, Format Version 12.00
# Visual Studio Version 17
VisualStudioVersion = 17.14.36518.9
MinimumVisualStudioVersion = 10.0.40219.1
Project("{2150E333-8FDC-42A3-9474-1A3956D46DE8}") = "Engine", "Engine", "{02EA681E-C7D8-13C7-8484-4AC65E1B71E8}"
EndProject
Project("{8BC9CEB8-8B4A-11D0-8D11-00A0C91BC942}") = "AzyEngine", "Engine\AzyEngine\AzyEngine.vcxproj", "{88034822-100E-4341-8A7C-A14917DEE11C}"
EndProject
Project("{2150E333-8FDC-42A3-9474-1A3956D46DE8}") = "Framework", "Framework", "{29BE3951-F889-4C07-A734-7A38B4CD5F20}"
EndProject
Project("{8BC9CEB8-8B4A-11D0-8D11-00A0C91BC942}") = "Core", "Framework\Core\Core.vcxproj", "{4110C103-7AD8-46DE-B134-17D52C922052}"
EndProject
Global
	GlobalSection(SolutionConfigurationPlatforms) = preSolution
		Debug|x64 = Debug|x64
		Debug|x86 = Debug|x86
		Release|x64 = Release|x64
		Release|x86 = Release|x86
	EndGlobalSection
	GlobalSection(ProjectConfigurationPlatforms) = postSolution
		{88034822-100E-4341-8A7C-A14917DEE11C}.Debug|x64.ActiveCfg = Debug|x64
		{88034822-100E-4341-8A7C-A14917DEE11C}.Debug|x64.Build.0 = Debug|x64
		{88034822-100E-4341-8A7C-A14917DEE11C}.Debug|x86.ActiveCfg = Debug|Win32
		{88034822-100E-4341-8A7C-A14917DEE11C}.Debug|x86.Build.0 = Debug|Win32
		{88034822-100E-4341-8A7C-A14917DEE11C}.Release|x64.ActiveCfg = Release|x64
		{88034822-100E-4341-8A7C-A14917DEE11C}.Release|x64.Build.0 = Release|x64
		{88034822-100E-4341-8A7C-A14917DEE11C}.Release|x86.ActiveCfg = Release|Win32
		{88034822-100E-4341-8A7C-A14917DEE11C}.Release|x86.Build.0 = Release|Win32
		{4110C103-7AD8-46DE-B134-17D52C922052}.Debug|x64.ActiveCfg = Debug|x64
		{4110C103-7AD8-46DE-B134-17D52C922052}.Debug|x64.Build.0 = Debug|x64
		{4110C103-7AD8-46DE-B134-17D52C922052}.Debug|x86.ActiveCfg = Debug|Win32
		{4110C103-7AD8-46DE-B134-17D52C922052}.Debug|x86.Build.0 = Debug|Win32
		{4110C103-7AD8-46DE-B134-17D52C922052}.Release|x64.ActiveCfg = Release|x64
		{4110C103-7AD8-46DE-B134-17D52C922052}.Release|x64.Build.0 = Release|x64
		{4110C103-7AD8-46DE-B134-17D52C922052}.Release|x86.ActiveCfg = Release|Win32
		{4110C103-7AD8-46DE-B134-17D52C922052}.Release|x86.Build.0 = Release|Win32
	EndGlobalSection
	GlobalSection(SolutionProperties) = preSolution
		HideSolutionNode = FALSE
	EndGlobalSection
	GlobalSection(NestedProjects) = preSolution
		{88034822-100E-4341-8A7C-A14917DEE11C} = {02EA681E-C7D8-13C7-8484-4AC65E1B71E8}
		{4110C103-7AD8-46DE-B134-17D52C922052} = {29BE3951-F889-4C07-A734-7A38B4CD5F20}
	EndGlobalSection
	GlobalSection(ExtensibilityGlobals) = postSolution
		SolutionGuid = {EFDF6B11-91E4-45A7-B9F8-0792738DC27C}
	EndGlobalSection
EndGlobal
